
Microsoft Visual Studio Solution File, Format Version 12.00
# Visual Studio Version 17
VisualStudioVersion = 17.0.31903.59
MinimumVisualStudioVersion = 10.0.40219.1
Project("{FAE04EC0-301F-11D3-BF4B-00C04F79EFBC}") = "LumbagoWinUI", "LumbagoWinUI\LumbagoWinUI.csproj", "{D65A78FC-F7F5-49E4-BA71-5E1EC4537A7C}"
EndProject
Global
	GlobalSection(SolutionConfigurationPlatforms) = preSolution
		Debug|Any CPU = Debug|Any CPU
		Release|Any CPU = Release|Any CPU
	EndGlobalSection
	GlobalSection(SolutionProperties) = preSolution
		HideSolutionNode = FALSE
	EndGlobalSection
	GlobalSection(ProjectConfigurationPlatforms) = postSolution
		{D65A78FC-F7F5-49E4-BA71-5E1EC4537A7C}.Debug|Any CPU.ActiveCfg = Debug|x86
		{D65A78FC-F7F5-49E4-BA71-5E1EC4537A7C}.Debug|Any CPU.Build.0 = Debug|x86
		{D65A78FC-F7F5-49E4-BA71-5E1EC4537A7C}.Release|Any CPU.ActiveCfg = Release|x86
		{D65A78FC-F7F5-49E4-BA71-5E1EC4537A7C}.Release|Any CPU.Build.0 = Release|x86
	EndGlobalSection
EndGlobal
